
Microsoft Visual Studio Solution File, Format Version 12.00
# Visual Studio Version 16
VisualStudioVersion = 16.0.29509.3
MinimumVisualStudioVersion = 10.0.40219.1
Project("{9A19103F-16F7-4668-BE54-9A1E7A4F7556}") = "BotenArne", "BotenArne\BotenArne.csproj", "{C2E4FFDF-7BBA-45B6-BE2B-BB57244ABC3C}"
EndProject
Project("{FAE04EC0-301F-11D3-BF4B-00C04F79EFBC}") = "BigBrother", "BigBrother\BigBrother.csproj", "{07C51CF9-FFED-49F6-989A-73216A9A5249}"
EndProject
Global
	GlobalSection(SolutionConfigurationPlatforms) = preSolution
		Debug|Any CPU = Debug|Any CPU
		Release|Any CPU = Release|Any CPU
	EndGlobalSection
	GlobalSection(ProjectConfigurationPlatforms) = postSolution
		{C2E4FFDF-7BBA-45B6-BE2B-BB57244ABC3C}.Debug|Any CPU.ActiveCfg = Debug|Any CPU
		{C2E4FFDF-7BBA-45B6-BE2B-BB57244ABC3C}.Debug|Any CPU.Build.0 = Debug|Any CPU
		{C2E4FFDF-7BBA-45B6-BE2B-BB57244ABC3C}.Release|Any CPU.ActiveCfg = Release|Any CPU
		{C2E4FFDF-7BBA-45B6-BE2B-BB57244ABC3C}.Release|Any CPU.Build.0 = Release|Any CPU
		{07C51CF9-FFED-49F6-989A-73216A9A5249}.Debug|Any CPU.ActiveCfg = Debug|Any CPU
		{07C51CF9-FFED-49F6-989A-73216A9A5249}.Debug|Any CPU.Build.0 = Debug|Any CPU
		{07C51CF9-FFED-49F6-989A-73216A9A5249}.Release|Any CPU.ActiveCfg = Release|Any CPU
		{07C51CF9-FFED-49F6-989A-73216A9A5249}.Release|Any CPU.Build.0 = Release|Any CPU
	EndGlobalSection
	GlobalSection(SolutionProperties) = preSolution
		HideSolutionNode = FALSE
	EndGlobalSection
	GlobalSection(ExtensibilityGlobals) = postSolution
		SolutionGuid = {9992E805-D746-4937-848A-CA157ED33333}
	EndGlobalSection
EndGlobal
